
Microsoft Visual Studio Solution File, Format Version 12.00
# Visual Studio Version 17
VisualStudioVersion = 17.4.33103.184
MinimumVisualStudioVersion = 10.0.40219.1
Project("{9A19103F-16F7-4668-BE54-9A1E7A4F7556}") = "ExamineApp", "ExamineApp\ExamineApp.csproj", "{36CEA880-6AD3-43F9-BE98-0C9D78903A78}"
EndProject
Global
	GlobalSection(SolutionConfigurationPlatforms) = preSolution
		Debug|Any CPU = Debug|Any CPU
		Release|Any CPU = Release|Any CPU
	EndGlobalSection
	GlobalSection(ProjectConfigurationPlatforms) = postSolution
		{36CEA880-6AD3-43F9-BE98-0C9D78903A78}.Debug|Any CPU.ActiveCfg = Debug|Any CPU
		{36CEA880-6AD3-43F9-BE98-0C9D78903A78}.Debug|Any CPU.Build.0 = Debug|Any CPU
		{36CEA880-6AD3-43F9-BE98-0C9D78903A78}.Release|Any CPU.ActiveCfg = Release|Any CPU
		{36CEA880-6AD3-43F9-BE98-0C9D78903A78}.Release|Any CPU.Build.0 = Release|Any CPU
	EndGlobalSection
	GlobalSection(SolutionProperties) = preSolution
		HideSolutionNode = FALSE
	EndGlobalSection
	GlobalSection(ExtensibilityGlobals) = postSolution
		SolutionGuid = {D42C11F6-B961-4B59-81D0-B4B09F5ACF3D}
	EndGlobalSection
EndGlobal
